<Solution>
  <Project Path="BilliardGameTablesManagement.csproj" />
  <Project Path="BilliardGameTablesManagement.Domain\BilliardGameTablesManagement.Domain.csproj" />
  <Project Path="BilliardGameTablesManagement.Business\BilliardGameTablesManagement.Business.csproj" />
  <Project Path="BilliardGameTablesManagement.DataAccess\BilliardGameTablesManagement.DataAccess.csproj" />
</Solution>
